
Microsoft Visual Studio Solution File, Format Version 12.00
# Visual Studio Version 17
VisualStudioVersion = 17.7.34302.85
MinimumVisualStudioVersion = 10.0.40219.1
Project("{FAE04EC0-301F-11D3-BF4B-00C04F79EFBC}") = "01.Microsystem", "01.Microsystem.csproj", "{B3FF64E1-7988-430C-88B2-E99F0F648485}"
EndProject
Global
	GlobalSection(SolutionConfigurationPlatforms) = preSolution
		Debug|Any CPU = Debug|Any CPU
		Release|Any CPU = Release|Any CPU
	EndGlobalSection
	GlobalSection(ProjectConfigurationPlatforms) = postSolution
		{B3FF64E1-7988-430C-88B2-E99F0F648485}.Debug|Any CPU.ActiveCfg = Debug|Any CPU
		{B3FF64E1-7988-430C-88B2-E99F0F648485}.Debug|Any CPU.Build.0 = Debug|Any CPU
		{B3FF64E1-7988-430C-88B2-E99F0F648485}.Release|Any CPU.ActiveCfg = Release|Any CPU
		{B3FF64E1-7988-430C-88B2-E99F0F648485}.Release|Any CPU.Build.0 = Release|Any CPU
	EndGlobalSection
	GlobalSection(SolutionProperties) = preSolution
		HideSolutionNode = FALSE
	EndGlobalSection
	GlobalSection(ExtensibilityGlobals) = postSolution
		SolutionGuid = {29ECBC0C-C16B-4FA9-A799-82271EA352B4}
	EndGlobalSection
EndGlobal
